
Microsoft Visual Studio Solution File, Format Version 12.00
# Visual Studio 14
VisualStudioVersion = 14.0.25420.1
MinimumVisualStudioVersion = 10.0.40219.1
Project("{FAE04EC0-301F-11D3-BF4B-00C04F79EFBC}") = "exerc13", "exerc13\exerc13.csproj", "{FCA215DA-8EB1-4A16-94A4-E8CC03200BD1}"
EndProject
Global
	GlobalSection(SolutionConfigurationPlatforms) = preSolution
		Debug|Any CPU = Debug|Any CPU
		Release|Any CPU = Release|Any CPU
	EndGlobalSection
	GlobalSection(ProjectConfigurationPlatforms) = postSolution
		{FCA215DA-8EB1-4A16-94A4-E8CC03200BD1}.Debug|Any CPU.ActiveCfg = Debug|Any CPU
		{FCA215DA-8EB1-4A16-94A4-E8CC03200BD1}.Debug|Any CPU.Build.0 = Debug|Any CPU
		{FCA215DA-8EB1-4A16-94A4-E8CC03200BD1}.Release|Any CPU.ActiveCfg = Release|Any CPU
		{FCA215DA-8EB1-4A16-94A4-E8CC03200BD1}.Release|Any CPU.Build.0 = Release|Any CPU
	EndGlobalSection
	GlobalSection(SolutionProperties) = preSolution
		HideSolutionNode = FALSE
	EndGlobalSection
EndGlobal
