
Microsoft Visual Studio Solution File, Format Version 11.00
# Visual Studio 2010
# SharpDevelop 5.1
Project("{FAE04EC0-301F-11D3-BF4B-00C04F79EFBC}") = "exerc1", "exerc1\exerc1.csproj", "{8B658944-6A90-4CBE-A836-916391ADC22E}"
EndProject
Global
	GlobalSection(SolutionConfigurationPlatforms) = preSolution
		Debug|Any CPU = Debug|Any CPU
		Release|Any CPU = Release|Any CPU
	EndGlobalSection
	GlobalSection(ProjectConfigurationPlatforms) = postSolution
		{8B658944-6A90-4CBE-A836-916391ADC22E}.Debug|Any CPU.ActiveCfg = Debug|Any CPU
		{8B658944-6A90-4CBE-A836-916391ADC22E}.Debug|Any CPU.Build.0 = Debug|Any CPU
		{8B658944-6A90-4CBE-A836-916391ADC22E}.Release|Any CPU.ActiveCfg = Release|Any CPU
		{8B658944-6A90-4CBE-A836-916391ADC22E}.Release|Any CPU.Build.0 = Release|Any CPU
	EndGlobalSection
EndGlobal
