
Microsoft Visual Studio Solution File, Format Version 11.00
# Visual Studio 2010
# SharpDevelop 5.1
Project("{FAE04EC0-301F-11D3-BF4B-00C04F79EFBC}") = "exerc3", "exerc3\exerc3.csproj", "{4756EE18-46D2-4AE5-B14F-4E85951C3839}"
EndProject
Global
	GlobalSection(SolutionConfigurationPlatforms) = preSolution
		Debug|Any CPU = Debug|Any CPU
		Release|Any CPU = Release|Any CPU
	EndGlobalSection
	GlobalSection(ProjectConfigurationPlatforms) = postSolution
		{4756EE18-46D2-4AE5-B14F-4E85951C3839}.Debug|Any CPU.ActiveCfg = Debug|Any CPU
		{4756EE18-46D2-4AE5-B14F-4E85951C3839}.Debug|Any CPU.Build.0 = Debug|Any CPU
		{4756EE18-46D2-4AE5-B14F-4E85951C3839}.Release|Any CPU.ActiveCfg = Release|Any CPU
		{4756EE18-46D2-4AE5-B14F-4E85951C3839}.Release|Any CPU.Build.0 = Release|Any CPU
	EndGlobalSection
EndGlobal
