
Microsoft Visual Studio Solution File, Format Version 11.00
# Visual Studio 2010
# SharpDevelop 4.4
Project("{FAE04EC0-301F-11D3-BF4B-00C04F79EFBC}") = "Servidor", "Servidor\Servidor.csproj", "{2825B470-F4E5-4361-BBD2-80292B3CBAAB}"
EndProject
Global
	GlobalSection(SolutionConfigurationPlatforms) = preSolution
		Debug|Any CPU = Debug|Any CPU
		Release|Any CPU = Release|Any CPU
	EndGlobalSection
	GlobalSection(ProjectConfigurationPlatforms) = postSolution
		{2825B470-F4E5-4361-BBD2-80292B3CBAAB}.Debug|Any CPU.Build.0 = Debug|Any CPU
		{2825B470-F4E5-4361-BBD2-80292B3CBAAB}.Debug|Any CPU.ActiveCfg = Debug|Any CPU
		{2825B470-F4E5-4361-BBD2-80292B3CBAAB}.Release|Any CPU.Build.0 = Release|Any CPU
		{2825B470-F4E5-4361-BBD2-80292B3CBAAB}.Release|Any CPU.ActiveCfg = Release|Any CPU
	EndGlobalSection
EndGlobal
